
Microsoft Visual Studio Solution File, Format Version 12.00
# Visual Studio 15
VisualStudioVersion = 15.0.28307.329
MinimumVisualStudioVersion = 10.0.40219.1
Project("{888888A0-9F3D-457C-B088-3A5042F75D52}") = "calculationOfTheDelayDate", "calculationOfTheDelayDate\calculationOfTheDelayDate.pyproj", "{A02D8732-8232-413E-A04D-C8FCA5482A9B}"
EndProject
Global
	GlobalSection(SolutionConfigurationPlatforms) = preSolution
		Debug|Any CPU = Debug|Any CPU
		Release|Any CPU = Release|Any CPU
	EndGlobalSection
	GlobalSection(ProjectConfigurationPlatforms) = postSolution
		{A02D8732-8232-413E-A04D-C8FCA5482A9B}.Debug|Any CPU.ActiveCfg = Debug|Any CPU
		{A02D8732-8232-413E-A04D-C8FCA5482A9B}.Release|Any CPU.ActiveCfg = Release|Any CPU
	EndGlobalSection
	GlobalSection(SolutionProperties) = preSolution
		HideSolutionNode = FALSE
	EndGlobalSection
	GlobalSection(ExtensibilityGlobals) = postSolution
		SolutionGuid = {1413014E-8FFC-47E9-B4DD-32ECBF2FF067}
	EndGlobalSection
EndGlobal
